
Microsoft Visual Studio Solution File, Format Version 12.00
# Visual Studio 14
VisualStudioVersion = 14.0.25123.0
MinimumVisualStudioVersion = 10.0.40219.1
Project("{151D2E53-A2C4-4D7D-83FE-D05416EBD58E}") = "ARM", "ARM\ARM.deployproj", "{19B623F2-4263-433A-A1C5-F6622F5D077C}"
EndProject
Project("{2150E333-8FDC-42A3-9474-1A3956D46DE8}") = "scripts", "scripts", "{D24BD2F5-A702-4D8D-A695-6BC66081F86C}"
	ProjectSection(SolutionItems) = preProject
		deploy-solution.ps1 = deploy-solution.ps1
		login.ps1 = login.ps1
		README.md = README.md
		tenantName.txt = tenantName.txt
	EndProjectSection
EndProject
Global
	GlobalSection(SolutionConfigurationPlatforms) = preSolution
		Debug|Any CPU = Debug|Any CPU
		Release|Any CPU = Release|Any CPU
	EndGlobalSection
	GlobalSection(ProjectConfigurationPlatforms) = postSolution
		{19B623F2-4263-433A-A1C5-F6622F5D077C}.Debug|Any CPU.ActiveCfg = Debug|Any CPU
		{19B623F2-4263-433A-A1C5-F6622F5D077C}.Debug|Any CPU.Build.0 = Debug|Any CPU
		{19B623F2-4263-433A-A1C5-F6622F5D077C}.Release|Any CPU.ActiveCfg = Release|Any CPU
		{19B623F2-4263-433A-A1C5-F6622F5D077C}.Release|Any CPU.Build.0 = Release|Any CPU
	EndGlobalSection
	GlobalSection(SolutionProperties) = preSolution
		HideSolutionNode = FALSE
	EndGlobalSection
EndGlobal
